
Microsoft Visual Studio Solution File, Format Version 12.00
# Visual Studio 14
VisualStudioVersion = 14.0.25123.0
MinimumVisualStudioVersion = 10.0.40219.1
Project("{2150E333-8FDC-42A3-9474-1A3956D46DE8}") = "src", "src", "{2D25526A-A907-4C20-A5E1-3BA060CC17CC}"
EndProject
Project("{2150E333-8FDC-42A3-9474-1A3956D46DE8}") = "test", "test", "{4BF957A1-9F94-4458-A544-C0E20B2777FC}"
EndProject
Project("{FAE04EC0-301F-11D3-BF4B-00C04F79EFBC}") = "ServiceStack.SimpleCloudControl", "src\ServiceStack.SimpleCloudControl\ServiceStack.SimpleCloudControl.csproj", "{F56A21E7-913F-498F-A66F-616CE0EA4790}"
EndProject
Project("{FAE04EC0-301F-11D3-BF4B-00C04F79EFBC}") = "ServiceStack.SimpleCloudControl.Demo", "test\ServiceStack.SimpleCloudControl.Demo\ServiceStack.SimpleCloudControl.Demo.csproj", "{D738D07B-E30F-4A27-A76E-430E3F7497FF}"
EndProject
Project("{FAE04EC0-301F-11D3-BF4B-00C04F79EFBC}") = "ServiceStack.SimpleCloudControl.Demo.ExternalService", "test\ServiceStack.SimpleCloudControl.Demo.ExternalService\ServiceStack.SimpleCloudControl.Demo.ExternalService.csproj", "{CDD58798-4700-4F11-B685-31C9EB186F80}"
EndProject
Project("{2150E333-8FDC-42A3-9474-1A3956D46DE8}") = "docs", "docs", "{A296B7B2-A271-4ECB-BDF1-A1638A734326}"
	ProjectSection(SolutionItems) = preProject
		LICENSE = LICENSE
		README.md = README.md
	EndProjectSection
EndProject
Global
	GlobalSection(SolutionConfigurationPlatforms) = preSolution
		Debug|Any CPU = Debug|Any CPU
		Release|Any CPU = Release|Any CPU
	EndGlobalSection
	GlobalSection(ProjectConfigurationPlatforms) = postSolution
		{F56A21E7-913F-498F-A66F-616CE0EA4790}.Debug|Any CPU.ActiveCfg = Debug|Any CPU
		{F56A21E7-913F-498F-A66F-616CE0EA4790}.Debug|Any CPU.Build.0 = Debug|Any CPU
		{F56A21E7-913F-498F-A66F-616CE0EA4790}.Release|Any CPU.ActiveCfg = Release|Any CPU
		{F56A21E7-913F-498F-A66F-616CE0EA4790}.Release|Any CPU.Build.0 = Release|Any CPU
		{D738D07B-E30F-4A27-A76E-430E3F7497FF}.Debug|Any CPU.ActiveCfg = Debug|Any CPU
		{D738D07B-E30F-4A27-A76E-430E3F7497FF}.Debug|Any CPU.Build.0 = Debug|Any CPU
		{D738D07B-E30F-4A27-A76E-430E3F7497FF}.Release|Any CPU.ActiveCfg = Release|Any CPU
		{D738D07B-E30F-4A27-A76E-430E3F7497FF}.Release|Any CPU.Build.0 = Release|Any CPU
		{CDD58798-4700-4F11-B685-31C9EB186F80}.Debug|Any CPU.ActiveCfg = Debug|Any CPU
		{CDD58798-4700-4F11-B685-31C9EB186F80}.Debug|Any CPU.Build.0 = Debug|Any CPU
		{CDD58798-4700-4F11-B685-31C9EB186F80}.Release|Any CPU.ActiveCfg = Release|Any CPU
		{CDD58798-4700-4F11-B685-31C9EB186F80}.Release|Any CPU.Build.0 = Release|Any CPU
	EndGlobalSection
	GlobalSection(SolutionProperties) = preSolution
		HideSolutionNode = FALSE
	EndGlobalSection
	GlobalSection(NestedProjects) = preSolution
		{F56A21E7-913F-498F-A66F-616CE0EA4790} = {2D25526A-A907-4C20-A5E1-3BA060CC17CC}
		{D738D07B-E30F-4A27-A76E-430E3F7497FF} = {4BF957A1-9F94-4458-A544-C0E20B2777FC}
		{CDD58798-4700-4F11-B685-31C9EB186F80} = {4BF957A1-9F94-4458-A544-C0E20B2777FC}
	EndGlobalSection
EndGlobal
